{
  "requires": true,
  "lockfileVersion": 1,
  "dependencies": {
    "@types/file-saver": {
      "version": "2.0.5",
      "resolved": "https://registry.npmjs.org/@types/file-saver/-/file-saver-2.0.5.tgz",
      "integrity": "sha512-zv9kNf3keYegP5oThGLaPk8E081DFDuwfqjtiTzm6PoxChdJ1raSuADf2YGCVIyrSynLrgc8JWv296s7Q7pQSQ=="
    },
    "file-saver": {
      "version": "2.0.5",
      "resolved": "https://registry.npmjs.org/file-saver/-/file-saver-2.0.5.tgz",
      "integrity": "sha512-P9bmyZ3h/PRG+Nzga+rbdI4OEpNDzAVyy74uVO9ATgzLK6VtAsYybF/+TOCvrc0MO793d6+42lLyZTw7/ArVzA=="
    },
    "requirejs": {
      "version": "2.3.6",
      "resolved": "https://registry.npmjs.org/requirejs/-/requirejs-2.3.6.tgz",
      "integrity": "sha512-ipEzlWQe6RK3jkzikgCupiTbTvm4S0/CAU5GlgptkN5SO6F3u0UD0K18wy6ErDqiCyP4J4YYe1HuAShvsxePLg=="
    }
  }
}
